
Microsoft Visual Studio Solution File, Format Version 12.00
# Visual Studio Version 16
VisualStudioVersion = 16.0.32002.261
MinimumVisualStudioVersion = 10.0.40219.1
Project("{FAE04EC0-301F-11D3-BF4B-00C04F79EFBC}") = "SalesWebMVC", "SalesWebMVC\SalesWebMVC.csproj", "{EF8E4031-4F0E-430B-9290-713B9B4242EE}"
EndProject
Global
	GlobalSection(SolutionConfigurationPlatforms) = preSolution
		Debug|Any CPU = Debug|Any CPU
		Release|Any CPU = Release|Any CPU
	EndGlobalSection
	GlobalSection(ProjectConfigurationPlatforms) = postSolution
		{EF8E4031-4F0E-430B-9290-713B9B4242EE}.Debug|Any CPU.ActiveCfg = Debug|Any CPU
		{EF8E4031-4F0E-430B-9290-713B9B4242EE}.Debug|Any CPU.Build.0 = Debug|Any CPU
		{EF8E4031-4F0E-430B-9290-713B9B4242EE}.Release|Any CPU.ActiveCfg = Release|Any CPU
		{EF8E4031-4F0E-430B-9290-713B9B4242EE}.Release|Any CPU.Build.0 = Release|Any CPU
	EndGlobalSection
	GlobalSection(SolutionProperties) = preSolution
		HideSolutionNode = FALSE
	EndGlobalSection
	GlobalSection(ExtensibilityGlobals) = postSolution
		SolutionGuid = {A5D3CF25-476B-4766-AFB2-38E3072065F4}
	EndGlobalSection
EndGlobal
